{
  "name": "block_viewer",
  "version": "1.0.0",
  "lockfileVersion": 2,
  "requires": true,
  "author": "",
  "description": "",
  "homepage": "https://github.com/dreamerminsk/ripk",
  "keywords": [],
  "license": "ISC",
  "packages": {
    "": {
      "name": "block_viewer",
      "version": "1.0.0",
      "license": "ISC"
    }
  },
  "bugs": {
    "url": "https://github.com/dreamerminsk/ripk/issues"
  },
  "repository": {
    "type": "git",
    "url": "https://github.com/dreamerminsk/ripk.git"
  },
  "scripts": {
    "test": "echo \"Error: no test specified\" && exit 1"
  }
}
